
Microsoft Visual Studio Solution File, Format Version 12.00
# Visual Studio Version 17
VisualStudioVersion = 17.8.34330.188
MinimumVisualStudioVersion = 10.0.40219.1
Project("{FAE04EC0-301F-11D3-BF4B-00C04F79EFBC}") = "LIS.Com.Businesslogic", "LIS.Com.Businesslogic\LIS.Com.Businesslogic.csproj", "{44490893-666D-40F0-8595-9E5703229B92}"
EndProject
Project("{FAE04EC0-301F-11D3-BF4B-00C04F79EFBC}") = "LIS.Logger", "LIS.Logger\LIS.Logger.csproj", "{FB7BE443-BA1C-44CB-BD5C-8A8FEF3B61FE}"
EndProject
Project("{FAE04EC0-301F-11D3-BF4B-00C04F79EFBC}") = "LisConsole", "DxI800\LisConsole.csproj", "{FEF4CEF2-01AA-4A47-8221-212273F96F40}"
EndProject
Project("{FAE04EC0-301F-11D3-BF4B-00C04F79EFBC}") = "LIS.DataAccess", "LIS.DataModel\LIS.DataAccess.csproj", "{BB8E8D2A-A457-4D9F-8CE7-52943B097066}"
EndProject
Project("{FAE04EC0-301F-11D3-BF4B-00C04F79EFBC}") = "Test.COM", "Test.COM\Test.COM.csproj", "{E32A9C3D-857D-4DE9-A872-8EC845834AED}"
EndProject
Project("{2150E333-8FDC-42A3-9474-1A3956D46DE8}") = "web", "web", "{53F02297-2A89-4CC0-AF0E-D26514E0B32B}"
EndProject
Project("{FAE04EC0-301F-11D3-BF4B-00C04F79EFBC}") = "Lis.Api", "web\Lis.Api\Lis.Api.csproj", "{28709E82-B034-4C9A-9662-936378F3E83C}"
EndProject
Project("{FAE04EC0-301F-11D3-BF4B-00C04F79EFBC}") = "Lis.Api.Client", "web\Lis.Api.Client\Lis.Api.Client.csproj", "{1D280630-5CCA-4746-8AAC-A5C1123C9DFE}"
EndProject
Project("{FAE04EC0-301F-11D3-BF4B-00C04F79EFBC}") = "Lis.Api.Client.Test", "web\Lis.Api.Client.Test\Lis.Api.Client.Test.csproj", "{C982C471-4505-4F33-91F0-8EB82141DB5B}"
EndProject
Project("{FAE04EC0-301F-11D3-BF4B-00C04F79EFBC}") = "LIS.DtoModel", "LIS.DtoModel\LIS.DtoModel.csproj", "{FB39B26C-CE07-4229-8FFB-828BFCDA7AAE}"
EndProject
Project("{FAE04EC0-301F-11D3-BF4B-00C04F79EFBC}") = "LIS.BusinessLogic", "LIS.BusinessLogic\LIS.BusinessLogic.csproj", "{CF0408D3-D35D-47F3-98A6-D70A324AF290}"
EndProject
Project("{2150E333-8FDC-42A3-9474-1A3956D46DE8}") = "Documents", "Documents", "{231BE0CD-47A2-479A-8EFC-E7D91BE75583}"
	ProjectSection(SolutionItems) = preProject
		Documents\Accuhealth_Data.sql = Documents\Accuhealth_Data.sql
		Documents\BS-360E&BS-240Pro&240E_LIS Interface Manual_V1.0_EN.pdf = Documents\BS-360E&BS-240Pro&240E_LIS Interface Manual_V1.0_EN.pdf
		Documents\BS-430_Host Interface Manual_V4.0.pdf = Documents\BS-430_Host Interface Manual_V4.0.pdf
		Documents\CL1200i Analyzer_LIS Manual_V1.0_EN.pdf = Documents\CL1200i Analyzer_LIS Manual_V1.0_EN.pdf
		..\..\Users\Revolution PC\Downloads\R315005_XN-L series_ASTM Host Interface Specifications_EN_Rev6.pdf = ..\..\Users\Revolution PC\Downloads\R315005_XN-L series_ASTM Host Interface Specifications_EN_Rev6.pdf
		README.md = README.md
		Documents\XN-350 series_ASTM Host Interface Specifications_EN_Rev6.pdf = Documents\XN-350 series_ASTM Host Interface Specifications_EN_Rev6.pdf
	EndProjectSection
EndProject
Project("{FAE04EC0-301F-11D3-BF4B-00C04F79EFBC}") = "TestConsole", "TestConsole\TestConsole.csproj", "{D26E5E74-837F-42F5-A2A9-62C84049B72C}"
EndProject
Project("{FAE04EC0-301F-11D3-BF4B-00C04F79EFBC}") = "LisTCPIPConsole", "LisTCPIPConsole\LisTCPIPConsole.csproj", "{C430D4D6-265D-45C4-B740-1C98D7E4F8CF}"
EndProject
Project("{2150E333-8FDC-42A3-9474-1A3956D46DE8}") = "Simulator", "Simulator", "{02EA681E-C7D8-13C7-8484-4AC65E1B71E8}"
EndProject
Project("{FAE04EC0-301F-11D3-BF4B-00C04F79EFBC}") = "AccuHealthSimulator", "web\Simulator\AccuHealthSimulator\AccuHealthSimulator.csproj", "{F1269DBE-02B9-4755-A667-0C1077C899B9}"
EndProject
Project("{2150E333-8FDC-42A3-9474-1A3956D46DE8}") = "LIS", "LIS", "{7D2BBB28-9F63-4807-BB3B-591114848421}"
EndProject
Project("{FAE04EC0-301F-11D3-BF4B-00C04F79EFBC}") = "CL1200i", "LisTCPIPConsole\CL1200i.csproj", "{FD4B89A5-7296-4297-B644-DE750D4EAB59}"
EndProject
Project("{FAE04EC0-301F-11D3-BF4B-00C04F79EFBC}") = "BS240E", "LisTCPIPConsole\BS240E.csproj", "{3FBDE905-35BF-4100-93EA-2CB7827FFDDC}"
EndProject
Project("{FAE04EC0-301F-11D3-BF4B-00C04F79EFBC}") = "BS430", "LisTCPIPConsole\BS430.csproj", "{C654BDEE-E37F-4AC7-A5BC-5C6587EFFD38}"
EndProject
Project("{FAE04EC0-301F-11D3-BF4B-00C04F79EFBC}") = "XN350", "LisTCPIPConsole\XN350.csproj", "{B739E956-8F5E-4094-A10D-EBC285E8BDF4}"
EndProject
Project("{FAE04EC0-301F-11D3-BF4B-00C04F79EFBC}") = "ZybioZ3", "LisTCPIPConsole\ZybioZ3.csproj", "{D8B4C863-9376-4A94-A91A-FCD6026870B4}"
EndProject
Project("{FAE04EC0-301F-11D3-BF4B-00C04F79EFBC}") = "ZybioZ5", "LisTCPIPConsole\ZybioZ5.csproj", "{D1A992FE-7FB5-45DE-BF71-969FAA7C1BA2}"
EndProject
Project("{FAE04EC0-301F-11D3-BF4B-00C04F79EFBC}") = "ZoryaLIS", "ZoryaLIS\ZoryaLIS.csproj", "{35B8FECD-3F2F-477A-8D0D-25C556E5B19A}"
EndProject
Global
	GlobalSection(SolutionConfigurationPlatforms) = preSolution
		Debug|Any CPU = Debug|Any CPU
		Debug|x64 = Debug|x64
		Debug|x86 = Debug|x86
		Release|Any CPU = Release|Any CPU
		Release|x64 = Release|x64
		Release|x86 = Release|x86
	EndGlobalSection
	GlobalSection(ProjectConfigurationPlatforms) = postSolution
		{44490893-666D-40F0-8595-9E5703229B92}.Debug|Any CPU.ActiveCfg = Debug|Any CPU
		{44490893-666D-40F0-8595-9E5703229B92}.Debug|Any CPU.Build.0 = Debug|Any CPU
		{44490893-666D-40F0-8595-9E5703229B92}.Debug|x64.ActiveCfg = Debug|Any CPU
		{44490893-666D-40F0-8595-9E5703229B92}.Debug|x64.Build.0 = Debug|Any CPU
		{44490893-666D-40F0-8595-9E5703229B92}.Debug|x86.ActiveCfg = Debug|Any CPU
		{44490893-666D-40F0-8595-9E5703229B92}.Debug|x86.Build.0 = Debug|Any CPU
		{44490893-666D-40F0-8595-9E5703229B92}.Release|Any CPU.ActiveCfg = Release|Any CPU
		{44490893-666D-40F0-8595-9E5703229B92}.Release|Any CPU.Build.0 = Release|Any CPU
		{44490893-666D-40F0-8595-9E5703229B92}.Release|x64.ActiveCfg = Release|Any CPU
		{44490893-666D-40F0-8595-9E5703229B92}.Release|x64.Build.0 = Release|Any CPU
		{44490893-666D-40F0-8595-9E5703229B92}.Release|x86.ActiveCfg = Release|Any CPU
		{44490893-666D-40F0-8595-9E5703229B92}.Release|x86.Build.0 = Release|Any CPU
		{FB7BE443-BA1C-44CB-BD5C-8A8FEF3B61FE}.Debug|Any CPU.ActiveCfg = Debug|Any CPU
		{FB7BE443-BA1C-44CB-BD5C-8A8FEF3B61FE}.Debug|Any CPU.Build.0 = Debug|Any CPU
		{FB7BE443-BA1C-44CB-BD5C-8A8FEF3B61FE}.Debug|x64.ActiveCfg = Debug|Any CPU
		{FB7BE443-BA1C-44CB-BD5C-8A8FEF3B61FE}.Debug|x64.Build.0 = Debug|Any CPU
		{FB7BE443-BA1C-44CB-BD5C-8A8FEF3B61FE}.Debug|x86.ActiveCfg = Debug|Any CPU
		{FB7BE443-BA1C-44CB-BD5C-8A8FEF3B61FE}.Debug|x86.Build.0 = Debug|Any CPU
		{FB7BE443-BA1C-44CB-BD5C-8A8FEF3B61FE}.Release|Any CPU.ActiveCfg = Release|Any CPU
		{FB7BE443-BA1C-44CB-BD5C-8A8FEF3B61FE}.Release|Any CPU.Build.0 = Release|Any CPU
		{FB7BE443-BA1C-44CB-BD5C-8A8FEF3B61FE}.Release|x64.ActiveCfg = Release|Any CPU
		{FB7BE443-BA1C-44CB-BD5C-8A8FEF3B61FE}.Release|x64.Build.0 = Release|Any CPU
		{FB7BE443-BA1C-44CB-BD5C-8A8FEF3B61FE}.Release|x86.ActiveCfg = Release|Any CPU
		{FB7BE443-BA1C-44CB-BD5C-8A8FEF3B61FE}.Release|x86.Build.0 = Release|Any CPU
		{FEF4CEF2-01AA-4A47-8221-212273F96F40}.Debug|Any CPU.ActiveCfg = Debug|Any CPU
		{FEF4CEF2-01AA-4A47-8221-212273F96F40}.Debug|Any CPU.Build.0 = Debug|Any CPU
		{FEF4CEF2-01AA-4A47-8221-212273F96F40}.Debug|x64.ActiveCfg = Debug|Any CPU
		{FEF4CEF2-01AA-4A47-8221-212273F96F40}.Debug|x64.Build.0 = Debug|Any CPU
		{FEF4CEF2-01AA-4A47-8221-212273F96F40}.Debug|x86.ActiveCfg = Debug|Any CPU
		{FEF4CEF2-01AA-4A47-8221-212273F96F40}.Debug|x86.Build.0 = Debug|Any CPU
		{FEF4CEF2-01AA-4A47-8221-212273F96F40}.Release|Any CPU.ActiveCfg = Release|Any CPU
		{FEF4CEF2-01AA-4A47-8221-212273F96F40}.Release|Any CPU.Build.0 = Release|Any CPU
		{FEF4CEF2-01AA-4A47-8221-212273F96F40}.Release|x64.ActiveCfg = Release|Any CPU
		{FEF4CEF2-01AA-4A47-8221-212273F96F40}.Release|x64.Build.0 = Release|Any CPU
		{FEF4CEF2-01AA-4A47-8221-212273F96F40}.Release|x86.ActiveCfg = Release|Any CPU
		{FEF4CEF2-01AA-4A47-8221-212273F96F40}.Release|x86.Build.0 = Release|Any CPU
		{BB8E8D2A-A457-4D9F-8CE7-52943B097066}.Debug|Any CPU.ActiveCfg = Debug|Any CPU
		{BB8E8D2A-A457-4D9F-8CE7-52943B097066}.Debug|Any CPU.Build.0 = Debug|Any CPU
		{BB8E8D2A-A457-4D9F-8CE7-52943B097066}.Debug|x64.ActiveCfg = Debug|Any CPU
		{BB8E8D2A-A457-4D9F-8CE7-52943B097066}.Debug|x64.Build.0 = Debug|Any CPU
		{BB8E8D2A-A457-4D9F-8CE7-52943B097066}.Debug|x86.ActiveCfg = Debug|Any CPU
		{BB8E8D2A-A457-4D9F-8CE7-52943B097066}.Debug|x86.Build.0 = Debug|Any CPU
		{BB8E8D2A-A457-4D9F-8CE7-52943B097066}.Release|Any CPU.ActiveCfg = Release|Any CPU
		{BB8E8D2A-A457-4D9F-8CE7-52943B097066}.Release|Any CPU.Build.0 = Release|Any CPU
		{BB8E8D2A-A457-4D9F-8CE7-52943B097066}.Release|x64.ActiveCfg = Release|Any CPU
		{BB8E8D2A-A457-4D9F-8CE7-52943B097066}.Release|x64.Build.0 = Release|Any CPU
		{BB8E8D2A-A457-4D9F-8CE7-52943B097066}.Release|x86.ActiveCfg = Release|Any CPU
		{BB8E8D2A-A457-4D9F-8CE7-52943B097066}.Release|x86.Build.0 = Release|Any CPU
		{E32A9C3D-857D-4DE9-A872-8EC845834AED}.Debug|Any CPU.ActiveCfg = Debug|Any CPU
		{E32A9C3D-857D-4DE9-A872-8EC845834AED}.Debug|Any CPU.Build.0 = Debug|Any CPU
		{E32A9C3D-857D-4DE9-A872-8EC845834AED}.Debug|x64.ActiveCfg = Debug|x64
		{E32A9C3D-857D-4DE9-A872-8EC845834AED}.Debug|x64.Build.0 = Debug|x64
		{E32A9C3D-857D-4DE9-A872-8EC845834AED}.Debug|x86.ActiveCfg = Debug|x86
		{E32A9C3D-857D-4DE9-A872-8EC845834AED}.Debug|x86.Build.0 = Debug|x86
		{E32A9C3D-857D-4DE9-A872-8EC845834AED}.Release|Any CPU.ActiveCfg = Release|Any CPU
		{E32A9C3D-857D-4DE9-A872-8EC845834AED}.Release|Any CPU.Build.0 = Release|Any CPU
		{E32A9C3D-857D-4DE9-A872-8EC845834AED}.Release|x64.ActiveCfg = Release|x64
		{E32A9C3D-857D-4DE9-A872-8EC845834AED}.Release|x64.Build.0 = Release|x64
		{E32A9C3D-857D-4DE9-A872-8EC845834AED}.Release|x86.ActiveCfg = Release|x86
		{E32A9C3D-857D-4DE9-A872-8EC845834AED}.Release|x86.Build.0 = Release|x86
		{28709E82-B034-4C9A-9662-936378F3E83C}.Debug|Any CPU.ActiveCfg = Debug|Any CPU
		{28709E82-B034-4C9A-9662-936378F3E83C}.Debug|Any CPU.Build.0 = Debug|Any CPU
		{28709E82-B034-4C9A-9662-936378F3E83C}.Debug|x64.ActiveCfg = Debug|Any CPU
		{28709E82-B034-4C9A-9662-936378F3E83C}.Debug|x64.Build.0 = Debug|Any CPU
		{28709E82-B034-4C9A-9662-936378F3E83C}.Debug|x86.ActiveCfg = Debug|Any CPU
		{28709E82-B034-4C9A-9662-936378F3E83C}.Debug|x86.Build.0 = Debug|Any CPU
		{28709E82-B034-4C9A-9662-936378F3E83C}.Release|Any CPU.ActiveCfg = Release|Any CPU
		{28709E82-B034-4C9A-9662-936378F3E83C}.Release|Any CPU.Build.0 = Release|Any CPU
		{28709E82-B034-4C9A-9662-936378F3E83C}.Release|x64.ActiveCfg = Release|Any CPU
		{28709E82-B034-4C9A-9662-936378F3E83C}.Release|x64.Build.0 = Release|Any CPU
		{28709E82-B034-4C9A-9662-936378F3E83C}.Release|x86.ActiveCfg = Release|Any CPU
		{28709E82-B034-4C9A-9662-936378F3E83C}.Release|x86.Build.0 = Release|Any CPU
		{1D280630-5CCA-4746-8AAC-A5C1123C9DFE}.Debug|Any CPU.ActiveCfg = Debug|Any CPU
		{1D280630-5CCA-4746-8AAC-A5C1123C9DFE}.Debug|Any CPU.Build.0 = Debug|Any CPU
		{1D280630-5CCA-4746-8AAC-A5C1123C9DFE}.Debug|x64.ActiveCfg = Debug|Any CPU
		{1D280630-5CCA-4746-8AAC-A5C1123C9DFE}.Debug|x64.Build.0 = Debug|Any CPU
		{1D280630-5CCA-4746-8AAC-A5C1123C9DFE}.Debug|x86.ActiveCfg = Debug|Any CPU
		{1D280630-5CCA-4746-8AAC-A5C1123C9DFE}.Debug|x86.Build.0 = Debug|Any CPU
		{1D280630-5CCA-4746-8AAC-A5C1123C9DFE}.Release|Any CPU.ActiveCfg = Release|Any CPU
		{1D280630-5CCA-4746-8AAC-A5C1123C9DFE}.Release|Any CPU.Build.0 = Release|Any CPU
		{1D280630-5CCA-4746-8AAC-A5C1123C9DFE}.Release|x64.ActiveCfg = Release|Any CPU
		{1D280630-5CCA-4746-8AAC-A5C1123C9DFE}.Release|x64.Build.0 = Release|Any CPU
		{1D280630-5CCA-4746-8AAC-A5C1123C9DFE}.Release|x86.ActiveCfg = Release|Any CPU
		{1D280630-5CCA-4746-8AAC-A5C1123C9DFE}.Release|x86.Build.0 = Release|Any CPU
		{C982C471-4505-4F33-91F0-8EB82141DB5B}.Debug|Any CPU.ActiveCfg = Debug|Any CPU
		{C982C471-4505-4F33-91F0-8EB82141DB5B}.Debug|Any CPU.Build.0 = Debug|Any CPU
		{C982C471-4505-4F33-91F0-8EB82141DB5B}.Debug|x64.ActiveCfg = Debug|Any CPU
		{C982C471-4505-4F33-91F0-8EB82141DB5B}.Debug|x64.Build.0 = Debug|Any CPU
		{C982C471-4505-4F33-91F0-8EB82141DB5B}.Debug|x86.ActiveCfg = Debug|Any CPU
		{C982C471-4505-4F33-91F0-8EB82141DB5B}.Debug|x86.Build.0 = Debug|Any CPU
		{C982C471-4505-4F33-91F0-8EB82141DB5B}.Release|Any CPU.ActiveCfg = Release|Any CPU
		{C982C471-4505-4F33-91F0-8EB82141DB5B}.Release|Any CPU.Build.0 = Release|Any CPU
		{C982C471-4505-4F33-91F0-8EB82141DB5B}.Release|x64.ActiveCfg = Release|Any CPU
		{C982C471-4505-4F33-91F0-8EB82141DB5B}.Release|x64.Build.0 = Release|Any CPU
		{C982C471-4505-4F33-91F0-8EB82141DB5B}.Release|x86.ActiveCfg = Release|Any CPU
		{C982C471-4505-4F33-91F0-8EB82141DB5B}.Release|x86.Build.0 = Release|Any CPU
		{FB39B26C-CE07-4229-8FFB-828BFCDA7AAE}.Debug|Any CPU.ActiveCfg = Debug|Any CPU
		{FB39B26C-CE07-4229-8FFB-828BFCDA7AAE}.Debug|Any CPU.Build.0 = Debug|Any CPU
		{FB39B26C-CE07-4229-8FFB-828BFCDA7AAE}.Debug|x64.ActiveCfg = Debug|Any CPU
		{FB39B26C-CE07-4229-8FFB-828BFCDA7AAE}.Debug|x64.Build.0 = Debug|Any CPU
		{FB39B26C-CE07-4229-8FFB-828BFCDA7AAE}.Debug|x86.ActiveCfg = Debug|Any CPU
		{FB39B26C-CE07-4229-8FFB-828BFCDA7AAE}.Debug|x86.Build.0 = Debug|Any CPU
		{FB39B26C-CE07-4229-8FFB-828BFCDA7AAE}.Release|Any CPU.ActiveCfg = Release|Any CPU
		{FB39B26C-CE07-4229-8FFB-828BFCDA7AAE}.Release|Any CPU.Build.0 = Release|Any CPU
		{FB39B26C-CE07-4229-8FFB-828BFCDA7AAE}.Release|x64.ActiveCfg = Release|Any CPU
		{FB39B26C-CE07-4229-8FFB-828BFCDA7AAE}.Release|x64.Build.0 = Release|Any CPU
		{FB39B26C-CE07-4229-8FFB-828BFCDA7AAE}.Release|x86.ActiveCfg = Release|Any CPU
		{FB39B26C-CE07-4229-8FFB-828BFCDA7AAE}.Release|x86.Build.0 = Release|Any CPU
		{CF0408D3-D35D-47F3-98A6-D70A324AF290}.Debug|Any CPU.ActiveCfg = Debug|Any CPU
		{CF0408D3-D35D-47F3-98A6-D70A324AF290}.Debug|Any CPU.Build.0 = Debug|Any CPU
		{CF0408D3-D35D-47F3-98A6-D70A324AF290}.Debug|x64.ActiveCfg = Debug|Any CPU
		{CF0408D3-D35D-47F3-98A6-D70A324AF290}.Debug|x64.Build.0 = Debug|Any CPU
		{CF0408D3-D35D-47F3-98A6-D70A324AF290}.Debug|x86.ActiveCfg = Debug|Any CPU
		{CF0408D3-D35D-47F3-98A6-D70A324AF290}.Debug|x86.Build.0 = Debug|Any CPU
		{CF0408D3-D35D-47F3-98A6-D70A324AF290}.Release|Any CPU.ActiveCfg = Release|Any CPU
		{CF0408D3-D35D-47F3-98A6-D70A324AF290}.Release|Any CPU.Build.0 = Release|Any CPU
		{CF0408D3-D35D-47F3-98A6-D70A324AF290}.Release|x64.ActiveCfg = Release|Any CPU
		{CF0408D3-D35D-47F3-98A6-D70A324AF290}.Release|x64.Build.0 = Release|Any CPU
		{CF0408D3-D35D-47F3-98A6-D70A324AF290}.Release|x86.ActiveCfg = Release|Any CPU
		{CF0408D3-D35D-47F3-98A6-D70A324AF290}.Release|x86.Build.0 = Release|Any CPU
		{D26E5E74-837F-42F5-A2A9-62C84049B72C}.Debug|Any CPU.ActiveCfg = Debug|Any CPU
		{D26E5E74-837F-42F5-A2A9-62C84049B72C}.Debug|Any CPU.Build.0 = Debug|Any CPU
		{D26E5E74-837F-42F5-A2A9-62C84049B72C}.Debug|x64.ActiveCfg = Debug|Any CPU
		{D26E5E74-837F-42F5-A2A9-62C84049B72C}.Debug|x64.Build.0 = Debug|Any CPU
		{D26E5E74-837F-42F5-A2A9-62C84049B72C}.Debug|x86.ActiveCfg = Debug|Any CPU
		{D26E5E74-837F-42F5-A2A9-62C84049B72C}.Debug|x86.Build.0 = Debug|Any CPU
		{D26E5E74-837F-42F5-A2A9-62C84049B72C}.Release|Any CPU.ActiveCfg = Release|Any CPU
		{D26E5E74-837F-42F5-A2A9-62C84049B72C}.Release|Any CPU.Build.0 = Release|Any CPU
		{D26E5E74-837F-42F5-A2A9-62C84049B72C}.Release|x64.ActiveCfg = Release|Any CPU
		{D26E5E74-837F-42F5-A2A9-62C84049B72C}.Release|x64.Build.0 = Release|Any CPU
		{D26E5E74-837F-42F5-A2A9-62C84049B72C}.Release|x86.ActiveCfg = Release|Any CPU
		{D26E5E74-837F-42F5-A2A9-62C84049B72C}.Release|x86.Build.0 = Release|Any CPU
		{C430D4D6-265D-45C4-B740-1C98D7E4F8CF}.Debug|Any CPU.ActiveCfg = Debug|Any CPU
		{C430D4D6-265D-45C4-B740-1C98D7E4F8CF}.Debug|Any CPU.Build.0 = Debug|Any CPU
		{C430D4D6-265D-45C4-B740-1C98D7E4F8CF}.Debug|x64.ActiveCfg = Debug|Any CPU
		{C430D4D6-265D-45C4-B740-1C98D7E4F8CF}.Debug|x64.Build.0 = Debug|Any CPU
		{C430D4D6-265D-45C4-B740-1C98D7E4F8CF}.Debug|x86.ActiveCfg = Debug|Any CPU
		{C430D4D6-265D-45C4-B740-1C98D7E4F8CF}.Debug|x86.Build.0 = Debug|Any CPU
		{C430D4D6-265D-45C4-B740-1C98D7E4F8CF}.Release|Any CPU.ActiveCfg = Release|Any CPU
		{C430D4D6-265D-45C4-B740-1C98D7E4F8CF}.Release|Any CPU.Build.0 = Release|Any CPU
		{C430D4D6-265D-45C4-B740-1C98D7E4F8CF}.Release|x64.ActiveCfg = Release|Any CPU
		{C430D4D6-265D-45C4-B740-1C98D7E4F8CF}.Release|x64.Build.0 = Release|Any CPU
		{C430D4D6-265D-45C4-B740-1C98D7E4F8CF}.Release|x86.ActiveCfg = Release|Any CPU
		{C430D4D6-265D-45C4-B740-1C98D7E4F8CF}.Release|x86.Build.0 = Release|Any CPU
		{F1269DBE-02B9-4755-A667-0C1077C899B9}.Debug|Any CPU.ActiveCfg = Debug|Any CPU
		{F1269DBE-02B9-4755-A667-0C1077C899B9}.Debug|Any CPU.Build.0 = Debug|Any CPU
		{F1269DBE-02B9-4755-A667-0C1077C899B9}.Debug|x64.ActiveCfg = Debug|Any CPU
		{F1269DBE-02B9-4755-A667-0C1077C899B9}.Debug|x64.Build.0 = Debug|Any CPU
		{F1269DBE-02B9-4755-A667-0C1077C899B9}.Debug|x86.ActiveCfg = Debug|Any CPU
		{F1269DBE-02B9-4755-A667-0C1077C899B9}.Debug|x86.Build.0 = Debug|Any CPU
		{F1269DBE-02B9-4755-A667-0C1077C899B9}.Release|Any CPU.ActiveCfg = Release|Any CPU
		{F1269DBE-02B9-4755-A667-0C1077C899B9}.Release|Any CPU.Build.0 = Release|Any CPU
		{F1269DBE-02B9-4755-A667-0C1077C899B9}.Release|x64.ActiveCfg = Release|Any CPU
		{F1269DBE-02B9-4755-A667-0C1077C899B9}.Release|x64.Build.0 = Release|Any CPU
		{F1269DBE-02B9-4755-A667-0C1077C899B9}.Release|x86.ActiveCfg = Release|Any CPU
		{F1269DBE-02B9-4755-A667-0C1077C899B9}.Release|x86.Build.0 = Release|Any CPU
		{FD4B89A5-7296-4297-B644-DE750D4EAB59}.Debug|Any CPU.ActiveCfg = Debug|Any CPU
		{FD4B89A5-7296-4297-B644-DE750D4EAB59}.Debug|Any CPU.Build.0 = Debug|Any CPU
		{FD4B89A5-7296-4297-B644-DE750D4EAB59}.Debug|x64.ActiveCfg = Debug|Any CPU
		{FD4B89A5-7296-4297-B644-DE750D4EAB59}.Debug|x64.Build.0 = Debug|Any CPU
		{FD4B89A5-7296-4297-B644-DE750D4EAB59}.Debug|x86.ActiveCfg = Debug|Any CPU
		{FD4B89A5-7296-4297-B644-DE750D4EAB59}.Debug|x86.Build.0 = Debug|Any CPU
		{FD4B89A5-7296-4297-B644-DE750D4EAB59}.Release|Any CPU.ActiveCfg = Release|Any CPU
		{FD4B89A5-7296-4297-B644-DE750D4EAB59}.Release|Any CPU.Build.0 = Release|Any CPU
		{FD4B89A5-7296-4297-B644-DE750D4EAB59}.Release|x64.ActiveCfg = Release|Any CPU
		{FD4B89A5-7296-4297-B644-DE750D4EAB59}.Release|x64.Build.0 = Release|Any CPU
		{FD4B89A5-7296-4297-B644-DE750D4EAB59}.Release|x86.ActiveCfg = Release|Any CPU
		{FD4B89A5-7296-4297-B644-DE750D4EAB59}.Release|x86.Build.0 = Release|Any CPU
		{3FBDE905-35BF-4100-93EA-2CB7827FFDDC}.Debug|Any CPU.ActiveCfg = Debug|Any CPU
		{3FBDE905-35BF-4100-93EA-2CB7827FFDDC}.Debug|Any CPU.Build.0 = Debug|Any CPU
		{3FBDE905-35BF-4100-93EA-2CB7827FFDDC}.Debug|x64.ActiveCfg = Debug|Any CPU
		{3FBDE905-35BF-4100-93EA-2CB7827FFDDC}.Debug|x64.Build.0 = Debug|Any CPU
		{3FBDE905-35BF-4100-93EA-2CB7827FFDDC}.Debug|x86.ActiveCfg = Debug|Any CPU
		{3FBDE905-35BF-4100-93EA-2CB7827FFDDC}.Debug|x86.Build.0 = Debug|Any CPU
		{3FBDE905-35BF-4100-93EA-2CB7827FFDDC}.Release|Any CPU.ActiveCfg = Release|Any CPU
		{3FBDE905-35BF-4100-93EA-2CB7827FFDDC}.Release|Any CPU.Build.0 = Release|Any CPU
		{3FBDE905-35BF-4100-93EA-2CB7827FFDDC}.Release|x64.ActiveCfg = Release|Any CPU
		{3FBDE905-35BF-4100-93EA-2CB7827FFDDC}.Release|x64.Build.0 = Release|Any CPU
		{3FBDE905-35BF-4100-93EA-2CB7827FFDDC}.Release|x86.ActiveCfg = Release|Any CPU
		{3FBDE905-35BF-4100-93EA-2CB7827FFDDC}.Release|x86.Build.0 = Release|Any CPU
		{C654BDEE-E37F-4AC7-A5BC-5C6587EFFD38}.Debug|Any CPU.ActiveCfg = Debug|Any CPU
		{C654BDEE-E37F-4AC7-A5BC-5C6587EFFD38}.Debug|Any CPU.Build.0 = Debug|Any CPU
		{C654BDEE-E37F-4AC7-A5BC-5C6587EFFD38}.Debug|x64.ActiveCfg = Debug|Any CPU
		{C654BDEE-E37F-4AC7-A5BC-5C6587EFFD38}.Debug|x64.Build.0 = Debug|Any CPU
		{C654BDEE-E37F-4AC7-A5BC-5C6587EFFD38}.Debug|x86.ActiveCfg = Debug|Any CPU
		{C654BDEE-E37F-4AC7-A5BC-5C6587EFFD38}.Debug|x86.Build.0 = Debug|Any CPU
		{C654BDEE-E37F-4AC7-A5BC-5C6587EFFD38}.Release|Any CPU.ActiveCfg = Release|Any CPU
		{C654BDEE-E37F-4AC7-A5BC-5C6587EFFD38}.Release|Any CPU.Build.0 = Release|Any CPU
		{C654BDEE-E37F-4AC7-A5BC-5C6587EFFD38}.Release|x64.ActiveCfg = Release|Any CPU
		{C654BDEE-E37F-4AC7-A5BC-5C6587EFFD38}.Release|x64.Build.0 = Release|Any CPU
		{C654BDEE-E37F-4AC7-A5BC-5C6587EFFD38}.Release|x86.ActiveCfg = Release|Any CPU
		{C654BDEE-E37F-4AC7-A5BC-5C6587EFFD38}.Release|x86.Build.0 = Release|Any CPU
		{B739E956-8F5E-4094-A10D-EBC285E8BDF4}.Debug|Any CPU.ActiveCfg = Debug|Any CPU
		{B739E956-8F5E-4094-A10D-EBC285E8BDF4}.Debug|Any CPU.Build.0 = Debug|Any CPU
		{B739E956-8F5E-4094-A10D-EBC285E8BDF4}.Debug|x64.ActiveCfg = Debug|Any CPU
		{B739E956-8F5E-4094-A10D-EBC285E8BDF4}.Debug|x64.Build.0 = Debug|Any CPU
		{B739E956-8F5E-4094-A10D-EBC285E8BDF4}.Debug|x86.ActiveCfg = Debug|Any CPU
		{B739E956-8F5E-4094-A10D-EBC285E8BDF4}.Debug|x86.Build.0 = Debug|Any CPU
		{B739E956-8F5E-4094-A10D-EBC285E8BDF4}.Release|Any CPU.ActiveCfg = Release|Any CPU
		{B739E956-8F5E-4094-A10D-EBC285E8BDF4}.Release|Any CPU.Build.0 = Release|Any CPU
		{B739E956-8F5E-4094-A10D-EBC285E8BDF4}.Release|x64.ActiveCfg = Release|Any CPU
		{B739E956-8F5E-4094-A10D-EBC285E8BDF4}.Release|x64.Build.0 = Release|Any CPU
		{B739E956-8F5E-4094-A10D-EBC285E8BDF4}.Release|x86.ActiveCfg = Release|Any CPU
		{B739E956-8F5E-4094-A10D-EBC285E8BDF4}.Release|x86.Build.0 = Release|Any CPU
		{D8B4C863-9376-4A94-A91A-FCD6026870B4}.Debug|Any CPU.ActiveCfg = Debug|Any CPU
		{D8B4C863-9376-4A94-A91A-FCD6026870B4}.Debug|Any CPU.Build.0 = Debug|Any CPU
		{D8B4C863-9376-4A94-A91A-FCD6026870B4}.Debug|x64.ActiveCfg = Debug|Any CPU
		{D8B4C863-9376-4A94-A91A-FCD6026870B4}.Debug|x64.Build.0 = Debug|Any CPU
		{D8B4C863-9376-4A94-A91A-FCD6026870B4}.Debug|x86.ActiveCfg = Debug|Any CPU
		{D8B4C863-9376-4A94-A91A-FCD6026870B4}.Debug|x86.Build.0 = Debug|Any CPU
		{D8B4C863-9376-4A94-A91A-FCD6026870B4}.Release|Any CPU.ActiveCfg = Release|Any CPU
		{D8B4C863-9376-4A94-A91A-FCD6026870B4}.Release|Any CPU.Build.0 = Release|Any CPU
		{D8B4C863-9376-4A94-A91A-FCD6026870B4}.Release|x64.ActiveCfg = Release|Any CPU
		{D8B4C863-9376-4A94-A91A-FCD6026870B4}.Release|x64.Build.0 = Release|Any CPU
		{D8B4C863-9376-4A94-A91A-FCD6026870B4}.Release|x86.ActiveCfg = Release|Any CPU
		{D8B4C863-9376-4A94-A91A-FCD6026870B4}.Release|x86.Build.0 = Release|Any CPU
		{D1A992FE-7FB5-45DE-BF71-969FAA7C1BA2}.Debug|Any CPU.ActiveCfg = Debug|Any CPU
		{D1A992FE-7FB5-45DE-BF71-969FAA7C1BA2}.Debug|Any CPU.Build.0 = Debug|Any CPU
		{D1A992FE-7FB5-45DE-BF71-969FAA7C1BA2}.Debug|x64.ActiveCfg = Debug|Any CPU
		{D1A992FE-7FB5-45DE-BF71-969FAA7C1BA2}.Debug|x64.Build.0 = Debug|Any CPU
		{D1A992FE-7FB5-45DE-BF71-969FAA7C1BA2}.Debug|x86.ActiveCfg = Debug|Any CPU
		{D1A992FE-7FB5-45DE-BF71-969FAA7C1BA2}.Debug|x86.Build.0 = Debug|Any CPU
		{D1A992FE-7FB5-45DE-BF71-969FAA7C1BA2}.Release|Any CPU.ActiveCfg = Release|Any CPU
		{D1A992FE-7FB5-45DE-BF71-969FAA7C1BA2}.Release|Any CPU.Build.0 = Release|Any CPU
		{D1A992FE-7FB5-45DE-BF71-969FAA7C1BA2}.Release|x64.ActiveCfg = Release|Any CPU
		{D1A992FE-7FB5-45DE-BF71-969FAA7C1BA2}.Release|x64.Build.0 = Release|Any CPU
		{D1A992FE-7FB5-45DE-BF71-969FAA7C1BA2}.Release|x86.ActiveCfg = Release|Any CPU
		{D1A992FE-7FB5-45DE-BF71-969FAA7C1BA2}.Release|x86.Build.0 = Release|Any CPU
		{35B8FECD-3F2F-477A-8D0D-25C556E5B19A}.Debug|Any CPU.ActiveCfg = Debug|Any CPU
		{35B8FECD-3F2F-477A-8D0D-25C556E5B19A}.Debug|Any CPU.Build.0 = Debug|Any CPU
		{35B8FECD-3F2F-477A-8D0D-25C556E5B19A}.Debug|x64.ActiveCfg = Debug|Any CPU
		{35B8FECD-3F2F-477A-8D0D-25C556E5B19A}.Debug|x64.Build.0 = Debug|Any CPU
		{35B8FECD-3F2F-477A-8D0D-25C556E5B19A}.Debug|x86.ActiveCfg = Debug|Any CPU
		{35B8FECD-3F2F-477A-8D0D-25C556E5B19A}.Debug|x86.Build.0 = Debug|Any CPU
		{35B8FECD-3F2F-477A-8D0D-25C556E5B19A}.Release|Any CPU.ActiveCfg = Release|Any CPU
		{35B8FECD-3F2F-477A-8D0D-25C556E5B19A}.Release|Any CPU.Build.0 = Release|Any CPU
		{35B8FECD-3F2F-477A-8D0D-25C556E5B19A}.Release|x64.ActiveCfg = Release|Any CPU
		{35B8FECD-3F2F-477A-8D0D-25C556E5B19A}.Release|x64.Build.0 = Release|Any CPU
		{35B8FECD-3F2F-477A-8D0D-25C556E5B19A}.Release|x86.ActiveCfg = Release|Any CPU
		{35B8FECD-3F2F-477A-8D0D-25C556E5B19A}.Release|x86.Build.0 = Release|Any CPU
	EndGlobalSection
	GlobalSection(SolutionProperties) = preSolution
		HideSolutionNode = FALSE
	EndGlobalSection
	GlobalSection(NestedProjects) = preSolution
		{28709E82-B034-4C9A-9662-936378F3E83C} = {53F02297-2A89-4CC0-AF0E-D26514E0B32B}
		{1D280630-5CCA-4746-8AAC-A5C1123C9DFE} = {53F02297-2A89-4CC0-AF0E-D26514E0B32B}
		{C982C471-4505-4F33-91F0-8EB82141DB5B} = {53F02297-2A89-4CC0-AF0E-D26514E0B32B}
		{02EA681E-C7D8-13C7-8484-4AC65E1B71E8} = {53F02297-2A89-4CC0-AF0E-D26514E0B32B}
		{F1269DBE-02B9-4755-A667-0C1077C899B9} = {02EA681E-C7D8-13C7-8484-4AC65E1B71E8}
		{FD4B89A5-7296-4297-B644-DE750D4EAB59} = {7D2BBB28-9F63-4807-BB3B-591114848421}
		{3FBDE905-35BF-4100-93EA-2CB7827FFDDC} = {7D2BBB28-9F63-4807-BB3B-591114848421}
		{C654BDEE-E37F-4AC7-A5BC-5C6587EFFD38} = {7D2BBB28-9F63-4807-BB3B-591114848421}
		{B739E956-8F5E-4094-A10D-EBC285E8BDF4} = {7D2BBB28-9F63-4807-BB3B-591114848421}
		{D8B4C863-9376-4A94-A91A-FCD6026870B4} = {7D2BBB28-9F63-4807-BB3B-591114848421}
		{D1A992FE-7FB5-45DE-BF71-969FAA7C1BA2} = {7D2BBB28-9F63-4807-BB3B-591114848421}
	EndGlobalSection
	GlobalSection(ExtensibilityGlobals) = postSolution
		SolutionGuid = {A4BF7C40-094F-4319-B066-1CCD3375A2B3}
	EndGlobalSection
EndGlobal
